
Microsoft Visual Studio Solution File, Format Version 11.00
# Visual Studio 2010
Project("{FAE04EC0-301F-11D3-BF4B-00C04F79EFBC}") = "Chat_v1", "Chat_v1\Chat_v1.csproj", "{DC825935-F420-4B00-9FBE-8178F2FD74AA}"
EndProject
Global
	GlobalSection(TestCaseManagementSettings) = postSolution
		CategoryFile = Chat_v1.vsmdi
	EndGlobalSection
	GlobalSection(SolutionConfigurationPlatforms) = preSolution
		Debug|Any CPU = Debug|Any CPU
		Debug|Mixed Platforms = Debug|Mixed Platforms
		Debug|x86 = Debug|x86
		Release|Any CPU = Release|Any CPU
		Release|Mixed Platforms = Release|Mixed Platforms
		Release|x86 = Release|x86
		Test|Any CPU = Test|Any CPU
		Test|Mixed Platforms = Test|Mixed Platforms
		Test|x86 = Test|x86
	EndGlobalSection
	GlobalSection(ProjectConfigurationPlatforms) = postSolution
		{DC825935-F420-4B00-9FBE-8178F2FD74AA}.Debug|Any CPU.ActiveCfg = Debug|x86
		{DC825935-F420-4B00-9FBE-8178F2FD74AA}.Debug|Mixed Platforms.ActiveCfg = Debug|x86
		{DC825935-F420-4B00-9FBE-8178F2FD74AA}.Debug|x86.ActiveCfg = Debug|x86
		{DC825935-F420-4B00-9FBE-8178F2FD74AA}.Debug|x86.Build.0 = Debug|x86
		{DC825935-F420-4B00-9FBE-8178F2FD74AA}.Release|Any CPU.ActiveCfg = Release|x86
		{DC825935-F420-4B00-9FBE-8178F2FD74AA}.Release|Mixed Platforms.ActiveCfg = Release|x86
		{DC825935-F420-4B00-9FBE-8178F2FD74AA}.Release|Mixed Platforms.Build.0 = Release|x86
		{DC825935-F420-4B00-9FBE-8178F2FD74AA}.Release|x86.ActiveCfg = Release|x86
		{DC825935-F420-4B00-9FBE-8178F2FD74AA}.Release|x86.Build.0 = Release|x86
		{DC825935-F420-4B00-9FBE-8178F2FD74AA}.Test|Any CPU.ActiveCfg = Test|x86
		{DC825935-F420-4B00-9FBE-8178F2FD74AA}.Test|Mixed Platforms.ActiveCfg = Test|x86
		{DC825935-F420-4B00-9FBE-8178F2FD74AA}.Test|Mixed Platforms.Build.0 = Test|x86
		{DC825935-F420-4B00-9FBE-8178F2FD74AA}.Test|x86.ActiveCfg = Debug|x86
		{DC825935-F420-4B00-9FBE-8178F2FD74AA}.Test|x86.Build.0 = Debug|x86
	EndGlobalSection
	GlobalSection(SolutionProperties) = preSolution
		HideSolutionNode = FALSE
	EndGlobalSection
EndGlobal
